// !$*UTF8*$!
{
	archiveVersion = 1;
	classes = {
	};
	objectVersion = 46;
	objects = {

/* Begin PBXBuildFile section */
		3B1FAEFB1A06888D007F04A7 /* AppDelegate.swift in Sources */ = {isa = PBXBuildFile; fileRef = 3B1FAEFA1A06888D007F04A7 /* AppDelegate.swift */; };
		3B1FAEFD1A06888D007F04A7 /* ViewController.swift in Sources */ = {isa = PBXBuildFile; fileRef = 3B1FAEFC1A06888D007F04A7 /* ViewController.swift */; };
		3B1FAF001A06888D007F04A7 /* Main.storyboard in Resources */ = {isa = PBXBuildFile; fileRef = 3B1FAEFE1A06888D007F04A7 /* Main.storyboard */; };
		3B1FAF021A06888D007F04A7 /* Images.xcassets in Resources */ = {isa = PBXBuildFile; fileRef = 3B1FAF011A06888D007F04A7 /* Images.xcassets */; };
		3B1FAF051A06888D007F04A7 /* LaunchScreen.xib in Resources */ = {isa = PBXBuildFile; fileRef = 3B1FAF031A06888D007F04A7 /* LaunchScreen.xib */; };
		3B1FAF111A06888D007F04A7 /* AKAttributeKitDemoTests.swift in Sources */ = {isa = PBXBuildFile; fileRef = 3B1FAF101A06888D007F04A7 /* AKAttributeKitDemoTests.swift */; };
		3B7F45511B72504000B8B83A /* README.md in Sources */ = {isa = PBXBuildFile; fileRef = 3B7F45501B72504000B8B83A /* README.md */; };
		3BA7B2D91A09176300D52A48 /* AKAttributeKit.swift in Sources */ = {isa = PBXBuildFile; fileRef = 3BA7B2D81A09176300D52A48 /* AKAttributeKit.swift */; };
		3BFCEC331A0D4A22008D4BA9 /* String+AshKit.swift in Sources */ = {isa = PBXBuildFile; fileRef = 3BFCEC321A0D4A22008D4BA9 /* String+AshKit.swift */; };
		3BFCEC351A0D4A96008D4BA9 /* UIColor+AshKit.swift in Sources */ = {isa = PBXBuildFile; fileRef = 3BFCEC341A0D4A96008D4BA9 /* UIColor+AshKit.swift */; };
		3BFCEC361A0D560F008D4BA9 /* AKAttributeKit.swift in Sources */ = {isa = PBXBuildFile; fileRef = 3BA7B2D81A09176300D52A48 /* AKAttributeKit.swift */; };
		3BFCEC371A0D5612008D4BA9 /* String+AshKit.swift in Sources */ = {isa = PBXBuildFile; fileRef = 3BFCEC321A0D4A22008D4BA9 /* String+AshKit.swift */; };
		3BFCEC381A0D5615008D4BA9 /* UIColor+AshKit.swift in Sources */ = {isa = PBXBuildFile; fileRef = 3BFCEC341A0D4A96008D4BA9 /* UIColor+AshKit.swift */; };
/* End PBXBuildFile section */

/* Begin PBXContainerItemProxy section */
		3B1FAF0B1A06888D007F04A7 /* PBXContainerItemProxy */ = {
			isa = PBXContainerItemProxy;
			containerPortal = 3B1FAEED1A06888D007F04A7 /* Project object */;
			proxyType = 1;
			remoteGlobalIDString = 3B1FAEF41A06888D007F04A7;
			remoteInfo = AKAttributeKitDemo;
		};
/* End PBXContainerItemProxy section */

/* Begin PBXFileReference section */
		3B1FAEF51A06888D007F04A7 /* AKAttributeKitDemo.app */ = {isa = PBXFileReference; explicitFileType = wrapper.application; includeInIndex = 0; path = AKAttributeKitDemo.app; sourceTree = BUILT_PRODUCTS_DIR; };
		3B1FAEF91A06888D007F04A7 /* Info.plist */ = {isa = PBXFileReference; lastKnownFileType = text.plist.xml; path = Info.plist; sourceTree = "<group>"; };
		3B1FAEFA1A06888D007F04A7 /* AppDelegate.swift */ = {isa = PBXFileReference; lastKnownFileType = sourcecode.swift; path = AppDelegate.swift; sourceTree = "<group>"; };
		3B1FAEFC1A06888D007F04A7 /* ViewController.swift */ = {isa = PBXFileReference; lastKnownFileType = sourcecode.swift; path = ViewController.swift; sourceTree = "<group>"; };
		3B1FAEFF1A06888D007F04A7 /* Base */ = {isa = PBXFileReference; lastKnownFileType = file.storyboard; name = Base; path = Base.lproj/Main.storyboard; sourceTree = "<group>"; };
		3B1FAF011A06888D007F04A7 /* Images.xcassets */ = {isa = PBXFileReference; lastKnownFileType = folder.assetcatalog; path = Images.xcassets; sourceTree = "<group>"; };
		3B1FAF041A06888D007F04A7 /* Base */ = {isa = PBXFileReference; lastKnownFileType = file.xib; name = Base; path = Base.lproj/LaunchScreen.xib; sourceTree = "<group>"; };
		3B1FAF0A1A06888D007F04A7 /* AKAttributeKitDemoTests.xctest */ = {isa = PBXFileReference; explicitFileType = wrapper.cfbundle; includeInIndex = 0; path = AKAttributeKitDemoTests.xctest; sourceTree = BUILT_PRODUCTS_DIR; };
		3B1FAF0F1A06888D007F04A7 /* Info.plist */ = {isa = PBXFileReference; lastKnownFileType = text.plist.xml; path = Info.plist; sourceTree = "<group>"; };
		3B1FAF101A06888D007F04A7 /* AKAttributeKitDemoTests.swift */ = {isa = PBXFileReference; lastKnownFileType = sourcecode.swift; path = AKAttributeKitDemoTests.swift; sourceTree = "<group>"; };
		3B7F45501B72504000B8B83A /* README.md */ = {isa = PBXFileReference; fileEncoding = 4; lastKnownFileType = net.daringfireball.markdown; name = README.md; path = ../../README.md; sourceTree = "<group>"; };
		3BA7B2D81A09176300D52A48 /* AKAttributeKit.swift */ = {isa = PBXFileReference; fileEncoding = 4; lastKnownFileType = sourcecode.swift; path = AKAttributeKit.swift; sourceTree = "<group>"; };
		3BFCEC321A0D4A22008D4BA9 /* String+AshKit.swift */ = {isa = PBXFileReference; fileEncoding = 4; lastKnownFileType = sourcecode.swift; path = "String+AshKit.swift"; sourceTree = "<group>"; };
		3BFCEC341A0D4A96008D4BA9 /* UIColor+AshKit.swift */ = {isa = PBXFileReference; fileEncoding = 4; lastKnownFileType = sourcecode.swift; path = "UIColor+AshKit.swift"; sourceTree = "<group>"; };
/* End PBXFileReference section */

/* Begin PBXFrameworksBuildPhase section */
		3B1FAEF21A06888D007F04A7 /* Frameworks */ = {
			isa = PBXFrameworksBuildPhase;
			buildActionMask = 2147483647;
			files = (
			);
			runOnlyForDeploymentPostprocessing = 0;
		};
		3B1FAF071A06888D007F04A7 /* Frameworks */ = {
			isa = PBXFrameworksBuildPhase;
			buildActionMask = 2147483647;
			files = (
			);
			runOnlyForDeploymentPostprocessing = 0;
		};
/* End PBXFrameworksBuildPhase section */

/* Begin PBXGroup section */
		3B1FAEEC1A06888D007F04A7 = {
			isa = PBXGroup;
			children = (
				3B1FAEF71A06888D007F04A7 /* AKAttributeKitDemo */,
				3B1FAF0D1A06888D007F04A7 /* AKAttributeKitDemoTests */,
				3B1FAEF61A06888D007F04A7 /* Products */,
			);
			sourceTree = "<group>";
		};
		3B1FAEF61A06888D007F04A7 /* Products */ = {
			isa = PBXGroup;
			children = (
				3B1FAEF51A06888D007F04A7 /* AKAttributeKitDemo.app */,
				3B1FAF0A1A06888D007F04A7 /* AKAttributeKitDemoTests.xctest */,
			);
			name = Products;
			sourceTree = "<group>";
		};
		3B1FAEF71A06888D007F04A7 /* AKAttributeKitDemo */ = {
			isa = PBXGroup;
			children = (
				3B7F45501B72504000B8B83A /* README.md */,
				3BA7B2D71A09176300D52A48 /* AshKit */,
				3B1FAEFA1A06888D007F04A7 /* AppDelegate.swift */,
				3B1FAEFC1A06888D007F04A7 /* ViewController.swift */,
				3B1FAEFE1A06888D007F04A7 /* Main.storyboard */,
				3B1FAF011A06888D007F04A7 /* Images.xcassets */,
				3B1FAF031A06888D007F04A7 /* LaunchScreen.xib */,
				3B1FAEF81A06888D007F04A7 /* Supporting Files */,
			);
			path = AKAttributeKitDemo;
			sourceTree = "<group>";
		};
		3B1FAEF81A06888D007F04A7 /* Supporting Files */ = {
			isa = PBXGroup;
			children = (
				3B1FAEF91A06888D007F04A7 /* Info.plist */,
			);
			name = "Supporting Files";
			sourceTree = "<group>";
		};
		3B1FAF0D1A06888D007F04A7 /* AKAttributeKitDemoTests */ = {
			isa = PBXGroup;
			children = (
				3B1FAF101A06888D007F04A7 /* AKAttributeKitDemoTests.swift */,
				3B1FAF0E1A06888D007F04A7 /* Supporting Files */,
			);
			path = AKAttributeKitDemoTests;
			sourceTree = "<group>";
		};
		3B1FAF0E1A06888D007F04A7 /* Supporting Files */ = {
			isa = PBXGroup;
			children = (
				3B1FAF0F1A06888D007F04A7 /* Info.plist */,
			);
			name = "Supporting Files";
			sourceTree = "<group>";
		};
		3BA7B2D71A09176300D52A48 /* AshKit */ = {
			isa = PBXGroup;
			children = (
				3BA7B2D81A09176300D52A48 /* AKAttributeKit.swift */,
				3BFCEC321A0D4A22008D4BA9 /* String+AshKit.swift */,
				3BFCEC341A0D4A96008D4BA9 /* UIColor+AshKit.swift */,
			);
			name = AshKit;
			path = ../../AshKit;
			sourceTree = "<group>";
		};
/* End PBXGroup section */

/* Begin PBXNativeTarget section */
		3B1FAEF41A06888D007F04A7 /* AKAttributeKitDemo */ = {
			isa = PBXNativeTarget;
			buildConfigurationList = 3B1FAF141A06888D007F04A7 /* Build configuration list for PBXNativeTarget "AKAttributeKitDemo" */;
			buildPhases = (
				3B1FAEF11A06888D007F04A7 /* Sources */,
				3B1FAEF21A06888D007F04A7 /* Frameworks */,
				3B1FAEF31A06888D007F04A7 /* Resources */,
			);
			buildRules = (
			);
			dependencies = (
			);
			name = AKAttributeKitDemo;
			productName = AKAttributeKitDemo;
			productReference = 3B1FAEF51A06888D007F04A7 /* AKAttributeKitDemo.app */;
			productType = "com.apple.product-type.application";
		};
		3B1FAF091A06888D007F04A7 /* AKAttributeKitDemoTests */ = {
			isa = PBXNativeTarget;
			buildConfigurationList = 3B1FAF171A06888D007F04A7 /* Build configuration list for PBXNativeTarget "AKAttributeKitDemoTests" */;
			buildPhases = (
				3B1FAF061A06888D007F04A7 /* Sources */,
				3B1FAF071A06888D007F04A7 /* Frameworks */,
				3B1FAF081A06888D007F04A7 /* Resources */,
			);
			buildRules = (
			);
			dependencies = (
				3B1FAF0C1A06888D007F04A7 /* PBXTargetDependency */,
			);
			name = AKAttributeKitDemoTests;
			productName = AKAttributeKitDemoTests;
			productReference = 3B1FAF0A1A06888D007F04A7 /* AKAttributeKitDemoTests.xctest */;
			productType = "com.apple.product-type.bundle.unit-test";
		};
/* End PBXNativeTarget section */

/* Begin PBXProject section */
		3B1FAEED1A06888D007F04A7 /* Project object */ = {
			isa = PBXProject;
			attributes = {
				LastUpgradeCheck = 0810;
				ORGANIZATIONNAME = WNeeds;
				TargetAttributes = {
					3B1FAEF41A06888D007F04A7 = {
						CreatedOnToolsVersion = 6.1;
						DevelopmentTeam = 5DV6KZN6C5;
						LastSwiftMigration = 0800;
					};
					3B1FAF091A06888D007F04A7 = {
						CreatedOnToolsVersion = 6.1;
						LastSwiftMigration = 0800;
						TestTargetID = 3B1FAEF41A06888D007F04A7;
					};
				};
			};
			buildConfigurationList = 3B1FAEF01A06888D007F04A7 /* Build configuration list for PBXProject "AKAttributeKitDemo" */;
			compatibilityVersion = "Xcode 3.2";
			developmentRegion = English;
			hasScannedForEncodings = 0;
			knownRegions = (
				en,
				Base,
			);
			mainGroup = 3B1FAEEC1A06888D007F04A7;
			productRefGroup = 3B1FAEF61A06888D007F04A7 /* Products */;
			projectDirPath = "";
			projectRoot = "";
			targets = (
				3B1FAEF41A06888D007F04A7 /* AKAttributeKitDemo */,
				3B1FAF091A06888D007F04A7 /* AKAttributeKitDemoTests */,
			);
		};
/* End PBXProject section */

/* Begin PBXResourcesBuildPhase section */
		3B1FAEF31A06888D007F04A7 /* Resources */ = {
			isa = PBXResourcesBuildPhase;
			buildActionMask = 2147483647;
			files = (
				3B1FAF001A06888D007F04A7 /* Main.storyboard in Resources */,
				3B1FAF051A06888D007F04A7 /* LaunchScreen.xib in Resources */,
				3B1FAF021A06888D007F04A7 /* Images.xcassets in Resources */,
			);
			runOnlyForDeploymentPostprocessing = 0;
		};
		3B1FAF081A06888D007F04A7 /* Resources */ = {
			isa = PBXResourcesBuildPhase;
			buildActionMask = 2147483647;
			files = (
			);
			runOnlyForDeploymentPostprocessing = 0;
		};
/* End PBXResourcesBuildPhase section */

/* Begin PBXSourcesBuildPhase section */
		3B1FAEF11A06888D007F04A7 /* Sources */ = {
			isa = PBXSourcesBuildPhase;
			buildActionMask = 2147483647;
			files = (
				3B7F45511B72504000B8B83A /* README.md in Sources */,
				3B1FAEFD1A06888D007F04A7 /* ViewController.swift in Sources */,
				3BFCEC331A0D4A22008D4BA9 /* String+AshKit.swift in Sources */,
				3B1FAEFB1A06888D007F04A7 /* AppDelegate.swift in Sources */,
				3BA7B2D91A09176300D52A48 /* AKAttributeKit.swift in Sources */,
				3BFCEC351A0D4A96008D4BA9 /* UIColor+AshKit.swift in Sources */,
			);
			runOnlyForDeploymentPostprocessing = 0;
		};
		3B1FAF061A06888D007F04A7 /* Sources */ = {
			isa = PBXSourcesBuildPhase;
			buildActionMask = 2147483647;
			files = (
				3B1FAF111A06888D007F04A7 /* AKAttributeKitDemoTests.swift in Sources */,
				3BFCEC381A0D5615008D4BA9 /* UIColor+AshKit.swift in Sources */,
				3BFCEC371A0D5612008D4BA9 /* String+AshKit.swift in Sources */,
				3BFCEC361A0D560F008D4BA9 /* AKAttributeKit.swift in Sources */,
			);
			runOnlyForDeploymentPostprocessing = 0;
		};
/* End PBXSourcesBuildPhase section */

/* Begin PBXTargetDependency section */
		3B1FAF0C1A06888D007F04A7 /* PBXTargetDependency */ = {
			isa = PBXTargetDependency;
			target = 3B1FAEF41A06888D007F04A7 /* AKAttributeKitDemo */;
			targetProxy = 3B1FAF0B1A06888D007F04A7 /* PBXContainerItemProxy */;
		};
/* End PBXTargetDependency section */

/* Begin PBXVariantGroup section */
		3B1FAEFE1A06888D007F04A7 /* Main.storyboard */ = {
			isa = PBXVariantGroup;
			children = (
				3B1FAEFF1A06888D007F04A7 /* Base */,
			);
			name = Main.storyboard;
			sourceTree = "<group>";
		};
		3B1FAF031A06888D007F04A7 /* LaunchScreen.xib */ = {
			isa = PBXVariantGroup;
			children = (
				3B1FAF041A06888D007F04A7 /* Base */,
			);
			name = LaunchScreen.xib;
			sourceTree = "<group>";
		};
/* End PBXVariantGroup section */

/* Begin XCBuildConfiguration section */
		3B1FAF121A06888D007F04A7 /* Debug */ = {
			isa = XCBuildConfiguration;
			buildSettings = {
				ALWAYS_SEARCH_USER_PATHS = NO;
				CLANG_CXX_LANGUAGE_STANDARD = "gnu++0x";
				CLANG_CXX_LIBRARY = "libc++";
				CLANG_ENABLE_MODULES = YES;
				CLANG_ENABLE_OBJC_ARC = YES;
				CLANG_WARN_BOOL_CONVERSION = YES;
				CLANG_WARN_CONSTANT_CONVERSION = YES;
				CLANG_WARN_DIRECT_OBJC_ISA_USAGE = YES_ERROR;
				CLANG_WARN_EMPTY_BODY = YES;
				CLANG_WARN_ENUM_CONVERSION = YES;
				CLANG_WARN_INFINITE_RECURSION = YES;
				CLANG_WARN_INT_CONVERSION = YES;
				CLANG_WARN_OBJC_ROOT_CLASS = YES_ERROR;
				CLANG_WARN_SUSPICIOUS_MOVE = YES;
				CLANG_WARN_UNREACHABLE_CODE = YES;
				CLANG_WARN__DUPLICATE_METHOD_MATCH = YES;
				"CODE_SIGN_IDENTITY[sdk=iphoneos*]" = "iPhone Developer";
				COPY_PHASE_STRIP = NO;
				ENABLE_STRICT_OBJC_MSGSEND = YES;
				ENABLE_TESTABILITY = YES;
				GCC_C_LANGUAGE_STANDARD = gnu99;
				GCC_DYNAMIC_NO_PIC = NO;
				GCC_NO_COMMON_BLOCKS = YES;
				GCC_OPTIMIZATION_LEVEL = 0;
				GCC_PREPROCESSOR_DEFINITIONS = (
					"DEBUG=1",
					"$(inherited)",
				);
				GCC_SYMBOLS_PRIVATE_EXTERN = NO;
				GCC_WARN_64_TO_32_BIT_CONVERSION = YES;
				GCC_WARN_ABOUT_RETURN_TYPE = YES_ERROR;
				GCC_WARN_UNDECLARED_SELECTOR = YES;
				GCC_WARN_UNINITIALIZED_AUTOS = YES_AGGRESSIVE;
				GCC_WARN_UNUSED_FUNCTION = YES;
				GCC_WARN_UNUSED_VARIABLE = YES;
				IPHONEOS_DEPLOYMENT_TARGET = 8.1;
				MTL_ENABLE_DEBUG_INFO = YES;
				ONLY_ACTIVE_ARCH = YES;
				SDKROOT = iphoneos;
				SWIFT_OPTIMIZATION_LEVEL = "-Onone";
			};
			name = Debug;
		};
		3B1FAF131A06888D007F04A7 /* Release */ = {
			isa = XCBuildConfiguration;
			buildSettings = {
				ALWAYS_SEARCH_USER_PATHS = NO;
				CLANG_CXX_LANGUAGE_STANDARD = "gnu++0x";
				CLANG_CXX_LIBRARY = "libc++";
				CLANG_ENABLE_MODULES = YES;
				CLANG_ENABLE_OBJC_ARC = YES;
				CLANG_WARN_BOOL_CONVERSION = YES;
				CLANG_WARN_CONSTANT_CONVERSION = YES;
				CLANG_WARN_DIRECT_OBJC_ISA_USAGE = YES_ERROR;
				CLANG_WARN_EMPTY_BODY = YES;
				CLANG_WARN_ENUM_CONVERSION = YES;
				CLANG_WARN_INFINITE_RECURSION = YES;
				CLANG_WARN_INT_CONVERSION = YES;
				CLANG_WARN_OBJC_ROOT_CLASS = YES_ERROR;
				CLANG_WARN_SUSPICIOUS_MOVE = YES;
				CLANG_WARN_UNREACHABLE_CODE = YES;
				CLANG_WARN__DUPLICATE_METHOD_MATCH = YES;
				"CODE_SIGN_IDENTITY[sdk=iphoneos*]" = "iPhone Developer";
				COPY_PHASE_STRIP = YES;
				ENABLE_NS_ASSERTIONS = NO;
				ENABLE_STRICT_OBJC_MSGSEND = YES;
				GCC_C_LANGUAGE_STANDARD = gnu99;
				GCC_NO_COMMON_BLOCKS = YES;
				GCC_WARN_64_TO_32_BIT_CONVERSION = YES;
				GCC_WARN_ABOUT_RETURN_TYPE = YES_ERROR;
				GCC_WARN_UNDECLARED_SELECTOR = YES;
				GCC_WARN_UNINITIALIZED_AUTOS = YES_AGGRESSIVE;
				GCC_WARN_UNUSED_FUNCTION = YES;
				GCC_WARN_UNUSED_VARIABLE = YES;
				IPHONEOS_DEPLOYMENT_TARGET = 8.1;
				MTL_ENABLE_DEBUG_INFO = NO;
				SDKROOT = iphoneos;
				SWIFT_OPTIMIZATION_LEVEL = "-Owholemodule";
				VALIDATE_PRODUCT = YES;
			};
			name = Release;
		};
		3B1FAF151A06888D007F04A7 /* Debug */ = {
			isa = XCBuildConfiguration;
			buildSettings = {
				ASSETCATALOG_COMPILER_APPICON_NAME = AppIcon;
				DEVELOPMENT_TEAM = 5DV6KZN6C5;
				INFOPLIST_FILE = AKAttributeKitDemo/Info.plist;
				IPHONEOS_DEPLOYMENT_TARGET = 8.0;
				LD_RUNPATH_SEARCH_PATHS = "$(inherited) @executable_path/Frameworks";
				PRODUCT_BUNDLE_IDENTIFIER = "com.wneeds.$(PRODUCT_NAME:rfc1034identifier)";
				PRODUCT_NAME = "$(TARGET_NAME)";
				SWIFT_VERSION = 3.0;
			};
			name = Debug;
		};
		3B1FAF161A06888D007F04A7 /* Release */ = {
			isa = XCBuildConfiguration;
			buildSettings = {
				ASSETCATALOG_COMPILER_APPICON_NAME = AppIcon;
				DEVELOPMENT_TEAM = 5DV6KZN6C5;
				INFOPLIST_FILE = AKAttributeKitDemo/Info.plist;
				IPHONEOS_DEPLOYMENT_TARGET = 8.0;
				LD_RUNPATH_SEARCH_PATHS = "$(inherited) @executable_path/Frameworks";
				PRODUCT_BUNDLE_IDENTIFIER = "com.wneeds.$(PRODUCT_NAME:rfc1034identifier)";
				PRODUCT_NAME = "$(TARGET_NAME)";
				SWIFT_VERSION = 3.0;
			};
			name = Release;
		};
		3B1FAF181A06888D007F04A7 /* Debug */ = {
			isa = XCBuildConfiguration;
			buildSettings = {
				BUNDLE_LOADER = "$(TEST_HOST)";
				FRAMEWORK_SEARCH_PATHS = (
					"$(SDKROOT)/Developer/Library/Frameworks",
					"$(inherited)",
				);
				GCC_PREPROCESSOR_DEFINITIONS = (
					"DEBUG=1",
					"$(inherited)",
				);
				INFOPLIST_FILE = AKAttributeKitDemoTests/Info.plist;
				LD_RUNPATH_SEARCH_PATHS = "$(inherited) @executable_path/Frameworks @loader_path/Frameworks";
				PRODUCT_BUNDLE_IDENTIFIER = "com.wneeds.$(PRODUCT_NAME:rfc1034identifier)";
				PRODUCT_NAME = "$(TARGET_NAME)";
				SWIFT_VERSION = 3.0;
				TEST_HOST = "$(BUILT_PRODUCTS_DIR)/AKAttributeKitDemo.app/AKAttributeKitDemo";
			};
			name = Debug;
		};
		3B1FAF191A06888D007F04A7 /* Release */ = {
			isa = XCBuildConfiguration;
			buildSettings = {
				BUNDLE_LOADER = "$(TEST_HOST)";
				FRAMEWORK_SEARCH_PATHS = (
					"$(SDKROOT)/Developer/Library/Frameworks",
					"$(inherited)",
				);
				INFOPLIST_FILE = AKAttributeKitDemoTests/Info.plist;
				LD_RUNPATH_SEARCH_PATHS = "$(inherited) @executable_path/Frameworks @loader_path/Frameworks";
				PRODUCT_BUNDLE_IDENTIFIER = "com.wneeds.$(PRODUCT_NAME:rfc1034identifier)";
				PRODUCT_NAME = "$(TARGET_NAME)";
				SWIFT_VERSION = 3.0;
				TEST_HOST = "$(BUILT_PRODUCTS_DIR)/AKAttributeKitDemo.app/AKAttributeKitDemo";
			};
			name = Release;
		};
/* End XCBuildConfiguration section */

/* Begin XCConfigurationList section */
		3B1FAEF01A06888D007F04A7 /* Build configuration list for PBXProject "AKAttributeKitDemo" */ = {
			isa = XCConfigurationList;
			buildConfigurations = (
				3B1FAF121A06888D007F04A7 /* Debug */,
				3B1FAF131A06888D007F04A7 /* Release */,
			);
			defaultConfigurationIsVisible = 0;
			defaultConfigurationName = Release;
		};
		3B1FAF141A06888D007F04A7 /* Build configuration list for PBXNativeTarget "AKAttributeKitDemo" */ = {
			isa = XCConfigurationList;
			buildConfigurations = (
				3B1FAF151A06888D007F04A7 /* Debug */,
				3B1FAF161A06888D007F04A7 /* Release */,
			);
			defaultConfigurationIsVisible = 0;
			defaultConfigurationName = Release;
		};
		3B1FAF171A06888D007F04A7 /* Build configuration list for PBXNativeTarget "AKAttributeKitDemoTests" */ = {
			isa = XCConfigurationList;
			buildConfigurations = (
				3B1FAF181A06888D007F04A7 /* Debug */,
				3B1FAF191A06888D007F04A7 /* Release */,
			);
			defaultConfigurationIsVisible = 0;
			defaultConfigurationName = Release;
		};
/* End XCConfigurationList section */
	};
	rootObject = 3B1FAEED1A06888D007F04A7 /* Project object */;
}
